Microsoft Visual Studio Solution File, Format Version 12.00
# Visual Studio Version 17
VisualStudioVersion = 17.5.2.0
MinimumVisualStudioVersion = 10.0.40219.1
Project("{FAE04EC0-301F-11D3-BF4B-00C04F79EFBC}") = "ConIFELSEIF", "ConIFELSEIF.csproj", "{641ECA33-2C6D-F7D1-D924-E5ADF2DA5021}"
EndProject
Global
	GlobalSection(SolutionConfigurationPlatforms) = preSolution
		Debug|Any CPU = Debug|Any CPU
		Release|Any CPU = Release|Any CPU
	EndGlobalSection
	GlobalSection(ProjectConfigurationPlatforms) = postSolution
		{641ECA33-2C6D-F7D1-D924-E5ADF2DA5021}.Debug|Any CPU.ActiveCfg = Debug|Any CPU
		{641ECA33-2C6D-F7D1-D924-E5ADF2DA5021}.Debug|Any CPU.Build.0 = Debug|Any CPU
		{641ECA33-2C6D-F7D1-D924-E5ADF2DA5021}.Release|Any CPU.ActiveCfg = Release|Any CPU
		{641ECA33-2C6D-F7D1-D924-E5ADF2DA5021}.Release|Any CPU.Build.0 = Release|Any CPU
	EndGlobalSection
	GlobalSection(SolutionProperties) = preSolution
		HideSolutionNode = FALSE
	EndGlobalSection
	GlobalSection(ExtensibilityGlobals) = postSolution
		SolutionGuid = {95DC3309-BD7A-4116-A372-94A336B3B12A}
	EndGlobalSection
EndGlobal
